// !$*UTF8*$!
{
	archiveVersion = 1;
	classes = {
	};
	objectVersion = 46;
	objects = {

/* Begin PBXBuildFile section */
		6DA3316B1C8EB35A00F57D0C /* main.m in Sources */ = {isa = PBXBuildFile; fileRef = 6DA3316A1C8EB35A00F57D0C /* main.m */; };
		6DA3316E1C8EB35A00F57D0C /* AppDelegate.m in Sources */ = {isa = PBXBuildFile; fileRef = 6DA3316D1C8EB35A00F57D0C /* AppDelegate.m */; };
		6DA331711C8EB35A00F57D0C /* ViewController.m in Sources */ = {isa = PBXBuildFile; fileRef = 6DA331701C8EB35A00F57D0C /* ViewController.m */; };
		6DA331741C8EB35A00F57D0C /* Main.storyboard in Resources */ = {isa = PBXBuildFile; fileRef = 6DA331721C8EB35A00F57D0C /* Main.storyboard */; };
		6DA331761C8EB35A00F57D0C /* Images.xcassets in Resources */ = {isa = PBXBuildFile; fileRef = 6DA331751C8EB35A00F57D0C /* Images.xcassets */; };
		6DA331791C8EB35A00F57D0C /* LaunchScreen.xib in Resources */ = {isa = PBXBuildFile; fileRef = 6DA331771C8EB35A00F57D0C /* LaunchScreen.xib */; };
		6DA331851C8EB35A00F57D0C /* FlagSelectDemoTests.m in Sources */ = {isa = PBXBuildFile; fileRef = 6DA331841C8EB35A00F57D0C /* FlagSelectDemoTests.m */; };
		6DA3318F1C8EB48600F57D0C /* flags.plist in Resources */ = {isa = PBXBuildFile; fileRef = 6DA3318E1C8EB48600F57D0C /* flags.plist */; };
		6DA331921C8EB5F600F57D0C /* XMGFlag.m in Sources */ = {isa = PBXBuildFile; fileRef = 6DA331911C8EB5F600F57D0C /* XMGFlag.m */; };
		6DA331961C8EB7A500F57D0C /* XMGFlagView.m in Sources */ = {isa = PBXBuildFile; fileRef = 6DA331941C8EB7A500F57D0C /* XMGFlagView.m */; };
		6DA331971C8EB7A500F57D0C /* XMGFlagView.xib in Resources */ = {isa = PBXBuildFile; fileRef = 6DA331951C8EB7A500F57D0C /* XMGFlagView.xib */; };
		6DA331A71C8EBD2400F57D0C /* agt.gif in Resources */ = {isa = PBXBuildFile; fileRef = 6DA331991C8EBD2400F57D0C /* agt.gif */; };
		6DA331A81C8EBD2400F57D0C /* baxi.gif in Resources */ = {isa = PBXBuildFile; fileRef = 6DA3319A1C8EBD2400F57D0C /* baxi.gif */; };
		6DA331A91C8EBD2400F57D0C /* deguo.gif in Resources */ = {isa = PBXBuildFile; fileRef = 6DA3319B1C8EBD2400F57D0C /* deguo.gif */; };
		6DA331AA1C8EBD2400F57D0C /* faguo.gif in Resources */ = {isa = PBXBuildFile; fileRef = 6DA3319C1C8EBD2400F57D0C /* faguo.gif */; };
		6DA331AB1C8EBD2400F57D0C /* hanguo.gif in Resources */ = {isa = PBXBuildFile; fileRef = 6DA3319D1C8EBD2400F57D0C /* hanguo.gif */; };
		6DA331AC1C8EBD2400F57D0C /* helan.gif in Resources */ = {isa = PBXBuildFile; fileRef = 6DA3319E1C8EBD2400F57D0C /* helan.gif */; };
		6DA331AD1C8EBD2400F57D0C /* putaoya.gif in Resources */ = {isa = PBXBuildFile; fileRef = 6DA3319F1C8EBD2400F57D0C /* putaoya.gif */; };
		6DA331AE1C8EBD2400F57D0C /* ruidian.gif in Resources */ = {isa = PBXBuildFile; fileRef = 6DA331A01C8EBD2400F57D0C /* ruidian.gif */; };
		6DA331AF1C8EBD2400F57D0C /* ruishi.gif in Resources */ = {isa = PBXBuildFile; fileRef = 6DA331A11C8EBD2400F57D0C /* ruishi.gif */; };
		6DA331B01C8EBD2400F57D0C /* wlgui.gif in Resources */ = {isa = PBXBuildFile; fileRef = 6DA331A21C8EBD2400F57D0C /* wlgui.gif */; };
		6DA331B11C8EBD2400F57D0C /* xiby.gif in Resources */ = {isa = PBXBuildFile; fileRef = 6DA331A31C8EBD2400F57D0C /* xiby.gif */; };
		6DA331B21C8EBD2400F57D0C /* ydl.gif in Resources */ = {isa = PBXBuildFile; fileRef = 6DA331A41C8EBD2400F57D0C /* ydl.gif */; };
		6DA331B31C8EBD2400F57D0C /* ying.gif in Resources */ = {isa = PBXBuildFile; fileRef = 6DA331A51C8EBD2400F57D0C /* ying.gif */; };
		6DA331B41C8EBD2400F57D0C /* zhongguo.jpg in Resources */ = {isa = PBXBuildFile; fileRef = 6DA331A61C8EBD2400F57D0C /* zhongguo.jpg */; };
/* End PBXBuildFile section */

/* Begin PBXContainerItemProxy section */
		6DA3317F1C8EB35A00F57D0C /* PBXContainerItemProxy */ = {
			isa = PBXContainerItemProxy;
			containerPortal = 6DA3315D1C8EB35900F57D0C /* Project object */;
			proxyType = 1;
			remoteGlobalIDString = 6DA331641C8EB35A00F57D0C;
			remoteInfo = FlagSelectDemo;
		};
/* End PBXContainerItemProxy section */

/* Begin PBXFileReference section */
		6DA331651C8EB35A00F57D0C /* FlagSelectDemo.app */ = {isa = PBXFileReference; explicitFileType = wrapper.application; includeInIndex = 0; path = FlagSelectDemo.app; sourceTree = BUILT_PRODUCTS_DIR; };
		6DA331691C8EB35A00F57D0C /* Info.plist */ = {isa = PBXFileReference; lastKnownFileType = text.plist.xml; path = Info.plist; sourceTree = "<group>"; };
		6DA3316A1C8EB35A00F57D0C /* main.m */ = {isa = PBXFileReference; lastKnownFileType = sourcecode.c.objc; path = main.m; sourceTree = "<group>"; };
		6DA3316C1C8EB35A00F57D0C /* AppDelegate.h */ = {isa = PBXFileReference; lastKnownFileType = sourcecode.c.h; path = AppDelegate.h; sourceTree = "<group>"; };
		6DA3316D1C8EB35A00F57D0C /* AppDelegate.m */ = {isa = PBXFileReference; lastKnownFileType = sourcecode.c.objc; path = AppDelegate.m; sourceTree = "<group>"; };
		6DA3316F1C8EB35A00F57D0C /* ViewController.h */ = {isa = PBXFileReference; lastKnownFileType = sourcecode.c.h; path = ViewController.h; sourceTree = "<group>"; };
		6DA331701C8EB35A00F57D0C /* ViewController.m */ = {isa = PBXFileReference; lastKnownFileType = sourcecode.c.objc; path = ViewController.m; sourceTree = "<group>"; };
		6DA331731C8EB35A00F57D0C /* Base */ = {isa = PBXFileReference; lastKnownFileType = file.storyboard; name = Base; path = Base.lproj/Main.storyboard; sourceTree = "<group>"; };
		6DA331751C8EB35A00F57D0C /* Images.xcassets */ = {isa = PBXFileReference; lastKnownFileType = folder.assetcatalog; path = Images.xcassets; sourceTree = "<group>"; };
		6DA331781C8EB35A00F57D0C /* Base */ = {isa = PBXFileReference; lastKnownFileType = file.xib; name = Base; path = Base.lproj/LaunchScreen.xib; sourceTree = "<group>"; };
		6DA3317E1C8EB35A00F57D0C /* FlagSelectDemoTests.xctest */ = {isa = PBXFileReference; explicitFileType = wrapper.cfbundle; includeInIndex = 0; path = FlagSelectDemoTests.xctest; sourceTree = BUILT_PRODUCTS_DIR; };
		6DA331831C8EB35A00F57D0C /* Info.plist */ = {isa = PBXFileReference; lastKnownFileType = text.plist.xml; path = Info.plist; sourceTree = "<group>"; };
		6DA331841C8EB35A00F57D0C /* FlagSelectDemoTests.m */ = {isa = PBXFileReference; lastKnownFileType = sourcecode.c.objc; path = FlagSelectDemoTests.m; sourceTree = "<group>"; };
		6DA3318E1C8EB48600F57D0C /* flags.plist */ = {isa = PBXFileReference; fileEncoding = 4; lastKnownFileType = text.plist.xml; path = flags.plist; sourceTree = "<group>"; };
		6DA331901C8EB5F600F57D0C /* XMGFlag.h */ = {isa = PBXFileReference; fileEncoding = 4; lastKnownFileType = sourcecode.c.h; path = XMGFlag.h; sourceTree = "<group>"; };
		6DA331911C8EB5F600F57D0C /* XMGFlag.m */ = {isa = PBXFileReference; fileEncoding = 4; lastKnownFileType = sourcecode.c.objc; path = XMGFlag.m; sourceTree = "<group>"; };
		6DA331931C8EB7A500F57D0C /* XMGFlagView.h */ = {isa = PBXFileReference; fileEncoding = 4; lastKnownFileType = sourcecode.c.h; path = XMGFlagView.h; sourceTree = "<group>"; };
		6DA331941C8EB7A500F57D0C /* XMGFlagView.m */ = {isa = PBXFileReference; fileEncoding = 4; lastKnownFileType = sourcecode.c.objc; path = XMGFlagView.m; sourceTree = "<group>"; };
		6DA331951C8EB7A500F57D0C /* XMGFlagView.xib */ = {isa = PBXFileReference; fileEncoding = 4; lastKnownFileType = file.xib; path = XMGFlagView.xib; sourceTree = "<group>"; };
		6DA331991C8EBD2400F57D0C /* agt.gif */ = {isa = PBXFileReference; lastKnownFileType = image.gif; path = agt.gif; sourceTree = "<group>"; };
		6DA3319A1C8EBD2400F57D0C /* baxi.gif */ = {isa = PBXFileReference; lastKnownFileType = image.gif; path = baxi.gif; sourceTree = "<group>"; };
		6DA3319B1C8EBD2400F57D0C /* deguo.gif */ = {isa = PBXFileReference; lastKnownFileType = image.gif; path = deguo.gif; sourceTree = "<group>"; };
		6DA3319C1C8EBD2400F57D0C /* faguo.gif */ = {isa = PBXFileReference; lastKnownFileType = image.gif; path = faguo.gif; sourceTree = "<group>"; };
		6DA3319D1C8EBD2400F57D0C /* hanguo.gif */ = {isa = PBXFileReference; lastKnownFileType = image.gif; path = hanguo.gif; sourceTree = "<group>"; };
		6DA3319E1C8EBD2400F57D0C /* helan.gif */ = {isa = PBXFileReference; lastKnownFileType = image.gif; path = helan.gif; sourceTree = "<group>"; };
		6DA3319F1C8EBD2400F57D0C /* putaoya.gif */ = {isa = PBXFileReference; lastKnownFileType = image.gif; path = putaoya.gif; sourceTree = "<group>"; };
		6DA331A01C8EBD2400F57D0C /* ruidian.gif */ = {isa = PBXFileReference; lastKnownFileType = image.gif; path = ruidian.gif; sourceTree = "<group>"; };
		6DA331A11C8EBD2400F57D0C /* ruishi.gif */ = {isa = PBXFileReference; lastKnownFileType = image.gif; path = ruishi.gif; sourceTree = "<group>"; };
		6DA331A21C8EBD2400F57D0C /* wlgui.gif */ = {isa = PBXFileReference; lastKnownFileType = image.gif; path = wlgui.gif; sourceTree = "<group>"; };
		6DA331A31C8EBD2400F57D0C /* xiby.gif */ = {isa = PBXFileReference; lastKnownFileType = image.gif; path = xiby.gif; sourceTree = "<group>"; };
		6DA331A41C8EBD2400F57D0C /* ydl.gif */ = {isa = PBXFileReference; lastKnownFileType = image.gif; path = ydl.gif; sourceTree = "<group>"; };
		6DA331A51C8EBD2400F57D0C /* ying.gif */ = {isa = PBXFileReference; lastKnownFileType = image.gif; path = ying.gif; sourceTree = "<group>"; };
		6DA331A61C8EBD2400F57D0C /* zhongguo.jpg */ = {isa = PBXFileReference; lastKnownFileType = image.jpeg; path = zhongguo.jpg; sourceTree = "<group>"; };
/* End PBXFileReference section */

/* Begin PBXFrameworksBuildPhase section */
		6DA331621C8EB35A00F57D0C /* Frameworks */ = {
			isa = PBXFrameworksBuildPhase;
			buildActionMask = 2147483647;
			files = (
			);
			runOnlyForDeploymentPostprocessing = 0;
		};
		6DA3317B1C8EB35A00F57D0C /* Frameworks */ = {
			isa = PBXFrameworksBuildPhase;
			buildActionMask = 2147483647;
			files = (
			);
			runOnlyForDeploymentPostprocessing = 0;
		};
/* End PBXFrameworksBuildPhase section */

/* Begin PBXGroup section */
		6DA3315C1C8EB35900F57D0C = {
			isa = PBXGroup;
			children = (
				6DA331671C8EB35A00F57D0C /* FlagSelectDemo */,
				6DA331811C8EB35A00F57D0C /* FlagSelectDemoTests */,
				6DA331661C8EB35A00F57D0C /* Products */,
			);
			sourceTree = "<group>";
		};
		6DA331661C8EB35A00F57D0C /* Products */ = {
			isa = PBXGroup;
			children = (
				6DA331651C8EB35A00F57D0C /* FlagSelectDemo.app */,
				6DA3317E1C8EB35A00F57D0C /* FlagSelectDemoTests.xctest */,
			);
			name = Products;
			sourceTree = "<group>";
		};
		6DA331671C8EB35A00F57D0C /* FlagSelectDemo */ = {
			isa = PBXGroup;
			children = (
				6DA331901C8EB5F600F57D0C /* XMGFlag.h */,
				6DA331911C8EB5F600F57D0C /* XMGFlag.m */,
				6DA331931C8EB7A500F57D0C /* XMGFlagView.h */,
				6DA331941C8EB7A500F57D0C /* XMGFlagView.m */,
				6DA331951C8EB7A500F57D0C /* XMGFlagView.xib */,
				6DA3316C1C8EB35A00F57D0C /* AppDelegate.h */,
				6DA3316D1C8EB35A00F57D0C /* AppDelegate.m */,
				6DA3316F1C8EB35A00F57D0C /* ViewController.h */,
				6DA331701C8EB35A00F57D0C /* ViewController.m */,
				6DA331721C8EB35A00F57D0C /* Main.storyboard */,
				6DA331751C8EB35A00F57D0C /* Images.xcassets */,
				6DA331771C8EB35A00F57D0C /* LaunchScreen.xib */,
				6DA331681C8EB35A00F57D0C /* Supporting Files */,
			);
			path = FlagSelectDemo;
			sourceTree = "<group>";
		};
		6DA331681C8EB35A00F57D0C /* Supporting Files */ = {
			isa = PBXGroup;
			children = (
				6DA331981C8EBD2400F57D0C /* guoqi */,
				6DA3318E1C8EB48600F57D0C /* flags.plist */,
				6DA331691C8EB35A00F57D0C /* Info.plist */,
				6DA3316A1C8EB35A00F57D0C /* main.m */,
			);
			name = "Supporting Files";
			sourceTree = "<group>";
		};
		6DA331811C8EB35A00F57D0C /* FlagSelectDemoTests */ = {
			isa = PBXGroup;
			children = (
				6DA331841C8EB35A00F57D0C /* FlagSelectDemoTests.m */,
				6DA331821C8EB35A00F57D0C /* Supporting Files */,
			);
			path = FlagSelectDemoTests;
			sourceTree = "<group>";
		};
		6DA331821C8EB35A00F57D0C /* Supporting Files */ = {
			isa = PBXGroup;
			children = (
				6DA331831C8EB35A00F57D0C /* Info.plist */,
			);
			name = "Supporting Files";
			sourceTree = "<group>";
		};
		6DA331981C8EBD2400F57D0C /* guoqi */ = {
			isa = PBXGroup;
			children = (
				6DA331991C8EBD2400F57D0C /* agt.gif */,
				6DA3319A1C8EBD2400F57D0C /* baxi.gif */,
				6DA3319B1C8EBD2400F57D0C /* deguo.gif */,
				6DA3319C1C8EBD2400F57D0C /* faguo.gif */,
				6DA3319D1C8EBD2400F57D0C /* hanguo.gif */,
				6DA3319E1C8EBD2400F57D0C /* helan.gif */,
				6DA3319F1C8EBD2400F57D0C /* putaoya.gif */,
				6DA331A01C8EBD2400F57D0C /* ruidian.gif */,
				6DA331A11C8EBD2400F57D0C /* ruishi.gif */,
				6DA331A21C8EBD2400F57D0C /* wlgui.gif */,
				6DA331A31C8EBD2400F57D0C /* xiby.gif */,
				6DA331A41C8EBD2400F57D0C /* ydl.gif */,
				6DA331A51C8EBD2400F57D0C /* ying.gif */,
				6DA331A61C8EBD2400F57D0C /* zhongguo.jpg */,
			);
			path = guoqi;
			sourceTree = "<group>";
		};
/* End PBXGroup section */

/* Begin PBXNativeTarget section */
		6DA331641C8EB35A00F57D0C /* FlagSelectDemo */ = {
			isa = PBXNativeTarget;
			buildConfigurationList = 6DA331881C8EB35A00F57D0C /* Build configuration list for PBXNativeTarget "FlagSelectDemo" */;
			buildPhases = (
				6DA331611C8EB35A00F57D0C /* Sources */,
				6DA331621C8EB35A00F57D0C /* Frameworks */,
				6DA331631C8EB35A00F57D0C /* Resources */,
			);
			buildRules = (
			);
			dependencies = (
			);
			name = FlagSelectDemo;
			productName = FlagSelectDemo;
			productReference = 6DA331651C8EB35A00F57D0C /* FlagSelectDemo.app */;
			productType = "com.apple.product-type.application";
		};
		6DA3317D1C8EB35A00F57D0C /* FlagSelectDemoTests */ = {
			isa = PBXNativeTarget;
			buildConfigurationList = 6DA3318B1C8EB35A00F57D0C /* Build configuration list for PBXNativeTarget "FlagSelectDemoTests" */;
			buildPhases = (
				6DA3317A1C8EB35A00F57D0C /* Sources */,
				6DA3317B1C8EB35A00F57D0C /* Frameworks */,
				6DA3317C1C8EB35A00F57D0C /* Resources */,
			);
			buildRules = (
			);
			dependencies = (
				6DA331801C8EB35A00F57D0C /* PBXTargetDependency */,
			);
			name = FlagSelectDemoTests;
			productName = FlagSelectDemoTests;
			productReference = 6DA3317E1C8EB35A00F57D0C /* FlagSelectDemoTests.xctest */;
			productType = "com.apple.product-type.bundle.unit-test";
		};
/* End PBXNativeTarget section */

/* Begin PBXProject section */
		6DA3315D1C8EB35900F57D0C /* Project object */ = {
			isa = PBXProject;
			attributes = {
				LastUpgradeCheck = 0630;
				ORGANIZATIONNAME = zhangqi;
				TargetAttributes = {
					6DA331641C8EB35A00F57D0C = {
						CreatedOnToolsVersion = 6.3.2;
					};
					6DA3317D1C8EB35A00F57D0C = {
						CreatedOnToolsVersion = 6.3.2;
						TestTargetID = 6DA331641C8EB35A00F57D0C;
					};
				};
			};
			buildConfigurationList = 6DA331601C8EB35900F57D0C /* Build configuration list for PBXProject "FlagSelectDemo" */;
			compatibilityVersion = "Xcode 3.2";
			developmentRegion = English;
			hasScannedForEncodings = 0;
			knownRegions = (
				en,
				Base,
			);
			mainGroup = 6DA3315C1C8EB35900F57D0C;
			productRefGroup = 6DA331661C8EB35A00F57D0C /* Products */;
			projectDirPath = "";
			projectRoot = "";
			targets = (
				6DA331641C8EB35A00F57D0C /* FlagSelectDemo */,
				6DA3317D1C8EB35A00F57D0C /* FlagSelectDemoTests */,
			);
		};
/* End PBXProject section */

/* Begin PBXResourcesBuildPhase section */
		6DA331631C8EB35A00F57D0C /* Resources */ = {
			isa = PBXResourcesBuildPhase;
			buildActionMask = 2147483647;
			files = (
				6DA331741C8EB35A00F57D0C /* Main.storyboard in Resources */,
				6DA331A91C8EBD2400F57D0C /* deguo.gif in Resources */,
				6DA331AF1C8EBD2400F57D0C /* ruishi.gif in Resources */,
				6DA331AD1C8EBD2400F57D0C /* putaoya.gif in Resources */,
				6DA331AE1C8EBD2400F57D0C /* ruidian.gif in Resources */,
				6DA331AB1C8EBD2400F57D0C /* hanguo.gif in Resources */,
				6DA331A81C8EBD2400F57D0C /* baxi.gif in Resources */,
				6DA331B31C8EBD2400F57D0C /* ying.gif in Resources */,
				6DA331B41C8EBD2400F57D0C /* zhongguo.jpg in Resources */,
				6DA331AA1C8EBD2400F57D0C /* faguo.gif in Resources */,
				6DA331B11C8EBD2400F57D0C /* xiby.gif in Resources */,
				6DA331791C8EB35A00F57D0C /* LaunchScreen.xib in Resources */,
				6DA331B21C8EBD2400F57D0C /* ydl.gif in Resources */,
				6DA3318F1C8EB48600F57D0C /* flags.plist in Resources */,
				6DA331B01C8EBD2400F57D0C /* wlgui.gif in Resources */,
				6DA331A71C8EBD2400F57D0C /* agt.gif in Resources */,
				6DA331761C8EB35A00F57D0C /* Images.xcassets in Resources */,
				6DA331971C8EB7A500F57D0C /* XMGFlagView.xib in Resources */,
				6DA331AC1C8EBD2400F57D0C /* helan.gif in Resources */,
			);
			runOnlyForDeploymentPostprocessing = 0;
		};
		6DA3317C1C8EB35A00F57D0C /* Resources */ = {
			isa = PBXResourcesBuildPhase;
			buildActionMask = 2147483647;
			files = (
			);
			runOnlyForDeploymentPostprocessing = 0;
		};
/* End PBXResourcesBuildPhase section */

/* Begin PBXSourcesBuildPhase section */
		6DA331611C8EB35A00F57D0C /* Sources */ = {
			isa = PBXSourcesBuildPhase;
			buildActionMask = 2147483647;
			files = (
				6DA331711C8EB35A00F57D0C /* ViewController.m in Sources */,
				6DA3316E1C8EB35A00F57D0C /* AppDelegate.m in Sources */,
				6DA331961C8EB7A500F57D0C /* XMGFlagView.m in Sources */,
				6DA331921C8EB5F600F57D0C /* XMGFlag.m in Sources */,
				6DA3316B1C8EB35A00F57D0C /* main.m in Sources */,
			);
			runOnlyForDeploymentPostprocessing = 0;
		};
		6DA3317A1C8EB35A00F57D0C /* Sources */ = {
			isa = PBXSourcesBuildPhase;
			buildActionMask = 2147483647;
			files = (
				6DA331851C8EB35A00F57D0C /* FlagSelectDemoTests.m in Sources */,
			);
			runOnlyForDeploymentPostprocessing = 0;
		};
/* End PBXSourcesBuildPhase section */

/* Begin PBXTargetDependency section */
		6DA331801C8EB35A00F57D0C /* PBXTargetDependency */ = {
			isa = PBXTargetDependency;
			target = 6DA331641C8EB35A00F57D0C /* FlagSelectDemo */;
			targetProxy = 6DA3317F1C8EB35A00F57D0C /* PBXContainerItemProxy */;
		};
/* End PBXTargetDependency section */

/* Begin PBXVariantGroup section */
		6DA331721C8EB35A00F57D0C /* Main.storyboard */ = {
			isa = PBXVariantGroup;
			children = (
				6DA331731C8EB35A00F57D0C /* Base */,
			);
			name = Main.storyboard;
			sourceTree = "<group>";
		};
		6DA331771C8EB35A00F57D0C /* LaunchScreen.xib */ = {
			isa = PBXVariantGroup;
			children = (
				6DA331781C8EB35A00F57D0C /* Base */,
			);
			name = LaunchScreen.xib;
			sourceTree = "<group>";
		};
/* End PBXVariantGroup section */

/* Begin XCBuildConfiguration section */
		6DA331861C8EB35A00F57D0C /* Debug */ = {
			isa = XCBuildConfiguration;
			buildSettings = {
				ALWAYS_SEARCH_USER_PATHS = NO;
				CLANG_CXX_LANGUAGE_STANDARD = "gnu++0x";
				CLANG_CXX_LIBRARY = "libc++";
				CLANG_ENABLE_MODULES = YES;
				CLANG_ENABLE_OBJC_ARC = YES;
				CLANG_WARN_BOOL_CONVERSION = YES;
				CLANG_WARN_CONSTANT_CONVERSION = YES;
				CLANG_WARN_DIRECT_OBJC_ISA_USAGE = YES_ERROR;
				CLANG_WARN_EMPTY_BODY = YES;
				CLANG_WARN_ENUM_CONVERSION = YES;
				CLANG_WARN_INT_CONVERSION = YES;
				CLANG_WARN_OBJC_ROOT_CLASS = YES_ERROR;
				CLANG_WARN_UNREACHABLE_CODE = YES;
				CLANG_WARN__DUPLICATE_METHOD_MATCH = YES;
				"CODE_SIGN_IDENTITY[sdk=iphoneos*]" = "iPhone Developer";
				COPY_PHASE_STRIP = NO;
				DEBUG_INFORMATION_FORMAT = "dwarf-with-dsym";
				ENABLE_STRICT_OBJC_MSGSEND = YES;
				GCC_C_LANGUAGE_STANDARD = gnu99;
				GCC_DYNAMIC_NO_PIC = NO;
				GCC_NO_COMMON_BLOCKS = YES;
				GCC_OPTIMIZATION_LEVEL = 0;
				GCC_PREPROCESSOR_DEFINITIONS = (
					"DEBUG=1",
					"$(inherited)",
				);
				GCC_SYMBOLS_PRIVATE_EXTERN = NO;
				GCC_WARN_64_TO_32_BIT_CONVERSION = YES;
				GCC_WARN_ABOUT_RETURN_TYPE = YES_ERROR;
				GCC_WARN_UNDECLARED_SELECTOR = YES;
				GCC_WARN_UNINITIALIZED_AUTOS = YES_AGGRESSIVE;
				GCC_WARN_UNUSED_FUNCTION = YES;
				GCC_WARN_UNUSED_VARIABLE = YES;
				IPHONEOS_DEPLOYMENT_TARGET = 8.3;
				MTL_ENABLE_DEBUG_INFO = YES;
				ONLY_ACTIVE_ARCH = YES;
				SDKROOT = iphoneos;
			};
			name = Debug;
		};
		6DA331871C8EB35A00F57D0C /* Release */ = {
			isa = XCBuildConfiguration;
			buildSettings = {
				ALWAYS_SEARCH_USER_PATHS = NO;
				CLANG_CXX_LANGUAGE_STANDARD = "gnu++0x";
				CLANG_CXX_LIBRARY = "libc++";
				CLANG_ENABLE_MODULES = YES;
				CLANG_ENABLE_OBJC_ARC = YES;
				CLANG_WARN_BOOL_CONVERSION = YES;
				CLANG_WARN_CONSTANT_CONVERSION = YES;
				CLANG_WARN_DIRECT_OBJC_ISA_USAGE = YES_ERROR;
				CLANG_WARN_EMPTY_BODY = YES;
				CLANG_WARN_ENUM_CONVERSION = YES;
				CLANG_WARN_INT_CONVERSION = YES;
				CLANG_WARN_OBJC_ROOT_CLASS = YES_ERROR;
				CLANG_WARN_UNREACHABLE_CODE = YES;
				CLANG_WARN__DUPLICATE_METHOD_MATCH = YES;
				"CODE_SIGN_IDENTITY[sdk=iphoneos*]" = "iPhone Developer";
				COPY_PHASE_STRIP = NO;
				DEBUG_INFORMATION_FORMAT = "dwarf-with-dsym";
				ENABLE_NS_ASSERTIONS = NO;
				ENABLE_STRICT_OBJC_MSGSEND = YES;
				GCC_C_LANGUAGE_STANDARD = gnu99;
				GCC_NO_COMMON_BLOCKS = YES;
				GCC_WARN_64_TO_32_BIT_CONVERSION = YES;
				GCC_WARN_ABOUT_RETURN_TYPE = YES_ERROR;
				GCC_WARN_UNDECLARED_SELECTOR = YES;
				GCC_WARN_UNINITIALIZED_AUTOS = YES_AGGRESSIVE;
				GCC_WARN_UNUSED_FUNCTION = YES;
				GCC_WARN_UNUSED_VARIABLE = YES;
				IPHONEOS_DEPLOYMENT_TARGET = 8.3;
				MTL_ENABLE_DEBUG_INFO = NO;
				SDKROOT = iphoneos;
				VALIDATE_PRODUCT = YES;
			};
			name = Release;
		};
		6DA331891C8EB35A00F57D0C /* Debug */ = {
			isa = XCBuildConfiguration;
			buildSettings = {
				ASSETCATALOG_COMPILER_APPICON_NAME = AppIcon;
				INFOPLIST_FILE = FlagSelectDemo/Info.plist;
				LD_RUNPATH_SEARCH_PATHS = "$(inherited) @executable_path/Frameworks";
				PRODUCT_NAME = "$(TARGET_NAME)";
			};
			name = Debug;
		};
		6DA3318A1C8EB35A00F57D0C /* Release */ = {
			isa = XCBuildConfiguration;
			buildSettings = {
				ASSETCATALOG_COMPILER_APPICON_NAME = AppIcon;
				INFOPLIST_FILE = FlagSelectDemo/Info.plist;
				LD_RUNPATH_SEARCH_PATHS = "$(inherited) @executable_path/Frameworks";
				PRODUCT_NAME = "$(TARGET_NAME)";
			};
			name = Release;
		};
		6DA3318C1C8EB35A00F57D0C /* Debug */ = {
			isa = XCBuildConfiguration;
			buildSettings = {
				BUNDLE_LOADER = "$(TEST_HOST)";
				FRAMEWORK_SEARCH_PATHS = (
					"$(SDKROOT)/Developer/Library/Frameworks",
					"$(inherited)",
				);
				GCC_PREPROCESSOR_DEFINITIONS = (
					"DEBUG=1",
					"$(inherited)",
				);
				INFOPLIST_FILE = FlagSelectDemoTests/Info.plist;
				LD_RUNPATH_SEARCH_PATHS = "$(inherited) @executable_path/Frameworks @loader_path/Frameworks";
				PRODUCT_NAME = "$(TARGET_NAME)";
				TEST_HOST = "$(BUILT_PRODUCTS_DIR)/FlagSelectDemo.app/FlagSelectDemo";
			};
			name = Debug;
		};
		6DA3318D1C8EB35A00F57D0C /* Release */ = {
			isa = XCBuildConfiguration;
			buildSettings = {
				BUNDLE_LOADER = "$(TEST_HOST)";
				FRAMEWORK_SEARCH_PATHS = (
					"$(SDKROOT)/Developer/Library/Frameworks",
					"$(inherited)",
				);
				INFOPLIST_FILE = FlagSelectDemoTests/Info.plist;
				LD_RUNPATH_SEARCH_PATHS = "$(inherited) @executable_path/Frameworks @loader_path/Frameworks";
				PRODUCT_NAME = "$(TARGET_NAME)";
				TEST_HOST = "$(BUILT_PRODUCTS_DIR)/FlagSelectDemo.app/FlagSelectDemo";
			};
			name = Release;
		};
/* End XCBuildConfiguration section */

/* Begin XCConfigurationList section */
		6DA331601C8EB35900F57D0C /* Build configuration list for PBXProject "FlagSelectDemo" */ = {
			isa = XCConfigurationList;
			buildConfigurations = (
				6DA331861C8EB35A00F57D0C /* Debug */,
				6DA331871C8EB35A00F57D0C /* Release */,
			);
			defaultConfigurationIsVisible = 0;
			defaultConfigurationName = Release;
		};
		6DA331881C8EB35A00F57D0C /* Build configuration list for PBXNativeTarget "FlagSelectDemo" */ = {
			isa = XCConfigurationList;
			buildConfigurations = (
				6DA331891C8EB35A00F57D0C /* Debug */,
				6DA3318A1C8EB35A00F57D0C /* Release */,
			);
			defaultConfigurationIsVisible = 0;
		};
		6DA3318B1C8EB35A00F57D0C /* Build configuration list for PBXNativeTarget "FlagSelectDemoTests" */ = {
			isa = XCConfigurationList;
			buildConfigurations = (
				6DA3318C1C8EB35A00F57D0C /* Debug */,
				6DA3318D1C8EB35A00F57D0C /* Release */,
			);
			defaultConfigurationIsVisible = 0;
		};
/* End XCConfigurationList section */
	};
	rootObject = 6DA3315D1C8EB35900F57D0C /* Project object */;
}
