// !$*UTF8*$!
{
	archiveVersion = 1;
	classes = {
	};
	objectVersion = 46;
	objects = {

/* Begin PBXBuildFile section */
		6DA331371C8EA76C00F57D0C /* main.m in Sources */ = {isa = PBXBuildFile; fileRef = 6DA331361C8EA76C00F57D0C /* main.m */; };
		6DA3313A1C8EA76C00F57D0C /* AppDelegate.m in Sources */ = {isa = PBXBuildFile; fileRef = 6DA331391C8EA76C00F57D0C /* AppDelegate.m */; };
		6DA3313D1C8EA76C00F57D0C /* ViewController.m in Sources */ = {isa = PBXBuildFile; fileRef = 6DA3313C1C8EA76C00F57D0C /* ViewController.m */; };
		6DA331401C8EA76C00F57D0C /* Main.storyboard in Resources */ = {isa = PBXBuildFile; fileRef = 6DA3313E1C8EA76C00F57D0C /* Main.storyboard */; };
		6DA331421C8EA76C00F57D0C /* Images.xcassets in Resources */ = {isa = PBXBuildFile; fileRef = 6DA331411C8EA76C00F57D0C /* Images.xcassets */; };
		6DA331451C8EA76C00F57D0C /* LaunchScreen.xib in Resources */ = {isa = PBXBuildFile; fileRef = 6DA331431C8EA76C00F57D0C /* LaunchScreen.xib */; };
		6DA331511C8EA76C00F57D0C /* ____DemoTests.m in Sources */ = {isa = PBXBuildFile; fileRef = 6DA331501C8EA76C00F57D0C /* ____DemoTests.m */; };
		6DA3315B1C8EAE8800F57D0C /* foods.plist in Resources */ = {isa = PBXBuildFile; fileRef = 6DA3315A1C8EAE8800F57D0C /* foods.plist */; };
/* End PBXBuildFile section */

/* Begin PBXContainerItemProxy section */
		6DA3314B1C8EA76C00F57D0C /* PBXContainerItemProxy */ = {
			isa = PBXContainerItemProxy;
			containerPortal = 6DA331291C8EA76B00F57D0C /* Project object */;
			proxyType = 1;
			remoteGlobalIDString = 6DA331301C8EA76C00F57D0C;
			remoteInfo = "点餐系统Demo";
		};
/* End PBXContainerItemProxy section */

/* Begin PBXFileReference section */
		6DA331311C8EA76C00F57D0C /* 点餐系统Demo.app */ = {isa = PBXFileReference; explicitFileType = wrapper.application; includeInIndex = 0; path = "点餐系统Demo.app"; sourceTree = BUILT_PRODUCTS_DIR; };
		6DA331351C8EA76C00F57D0C /* Info.plist */ = {isa = PBXFileReference; lastKnownFileType = text.plist.xml; path = Info.plist; sourceTree = "<group>"; };
		6DA331361C8EA76C00F57D0C /* main.m */ = {isa = PBXFileReference; lastKnownFileType = sourcecode.c.objc; path = main.m; sourceTree = "<group>"; };
		6DA331381C8EA76C00F57D0C /* AppDelegate.h */ = {isa = PBXFileReference; lastKnownFileType = sourcecode.c.h; path = AppDelegate.h; sourceTree = "<group>"; };
		6DA331391C8EA76C00F57D0C /* AppDelegate.m */ = {isa = PBXFileReference; lastKnownFileType = sourcecode.c.objc; path = AppDelegate.m; sourceTree = "<group>"; };
		6DA3313B1C8EA76C00F57D0C /* ViewController.h */ = {isa = PBXFileReference; lastKnownFileType = sourcecode.c.h; path = ViewController.h; sourceTree = "<group>"; };
		6DA3313C1C8EA76C00F57D0C /* ViewController.m */ = {isa = PBXFileReference; lastKnownFileType = sourcecode.c.objc; path = ViewController.m; sourceTree = "<group>"; };
		6DA3313F1C8EA76C00F57D0C /* Base */ = {isa = PBXFileReference; lastKnownFileType = file.storyboard; name = Base; path = Base.lproj/Main.storyboard; sourceTree = "<group>"; };
		6DA331411C8EA76C00F57D0C /* Images.xcassets */ = {isa = PBXFileReference; lastKnownFileType = folder.assetcatalog; path = Images.xcassets; sourceTree = "<group>"; };
		6DA331441C8EA76C00F57D0C /* Base */ = {isa = PBXFileReference; lastKnownFileType = file.xib; name = Base; path = Base.lproj/LaunchScreen.xib; sourceTree = "<group>"; };
		6DA3314A1C8EA76C00F57D0C /* 点餐系统DemoTests.xctest */ = {isa = PBXFileReference; explicitFileType = wrapper.cfbundle; includeInIndex = 0; path = "点餐系统DemoTests.xctest"; sourceTree = BUILT_PRODUCTS_DIR; };
		6DA3314F1C8EA76C00F57D0C /* Info.plist */ = {isa = PBXFileReference; lastKnownFileType = text.plist.xml; path = Info.plist; sourceTree = "<group>"; };
		6DA331501C8EA76C00F57D0C /* ____DemoTests.m */ = {isa = PBXFileReference; lastKnownFileType = sourcecode.c.objc; path = "____DemoTests.m"; sourceTree = "<group>"; };
		6DA3315A1C8EAE8800F57D0C /* foods.plist */ = {isa = PBXFileReference; fileEncoding = 4; lastKnownFileType = text.plist.xml; path = foods.plist; sourceTree = "<group>"; };
/* End PBXFileReference section */

/* Begin PBXFrameworksBuildPhase section */
		6DA3312E1C8EA76C00F57D0C /* Frameworks */ = {
			isa = PBXFrameworksBuildPhase;
			buildActionMask = 2147483647;
			files = (
			);
			runOnlyForDeploymentPostprocessing = 0;
		};
		6DA331471C8EA76C00F57D0C /* Frameworks */ = {
			isa = PBXFrameworksBuildPhase;
			buildActionMask = 2147483647;
			files = (
			);
			runOnlyForDeploymentPostprocessing = 0;
		};
/* End PBXFrameworksBuildPhase section */

/* Begin PBXGroup section */
		6DA331281C8EA76B00F57D0C = {
			isa = PBXGroup;
			children = (
				6DA331331C8EA76C00F57D0C /* 点餐系统Demo */,
				6DA3314D1C8EA76C00F57D0C /* 点餐系统DemoTests */,
				6DA331321C8EA76C00F57D0C /* Products */,
			);
			sourceTree = "<group>";
		};
		6DA331321C8EA76C00F57D0C /* Products */ = {
			isa = PBXGroup;
			children = (
				6DA331311C8EA76C00F57D0C /* 点餐系统Demo.app */,
				6DA3314A1C8EA76C00F57D0C /* 点餐系统DemoTests.xctest */,
			);
			name = Products;
			sourceTree = "<group>";
		};
		6DA331331C8EA76C00F57D0C /* 点餐系统Demo */ = {
			isa = PBXGroup;
			children = (
				6DA331381C8EA76C00F57D0C /* AppDelegate.h */,
				6DA331391C8EA76C00F57D0C /* AppDelegate.m */,
				6DA3313B1C8EA76C00F57D0C /* ViewController.h */,
				6DA3313C1C8EA76C00F57D0C /* ViewController.m */,
				6DA3313E1C8EA76C00F57D0C /* Main.storyboard */,
				6DA331411C8EA76C00F57D0C /* Images.xcassets */,
				6DA331431C8EA76C00F57D0C /* LaunchScreen.xib */,
				6DA331341C8EA76C00F57D0C /* Supporting Files */,
			);
			path = "点餐系统Demo";
			sourceTree = "<group>";
		};
		6DA331341C8EA76C00F57D0C /* Supporting Files */ = {
			isa = PBXGroup;
			children = (
				6DA3315A1C8EAE8800F57D0C /* foods.plist */,
				6DA331351C8EA76C00F57D0C /* Info.plist */,
				6DA331361C8EA76C00F57D0C /* main.m */,
			);
			name = "Supporting Files";
			sourceTree = "<group>";
		};
		6DA3314D1C8EA76C00F57D0C /* 点餐系统DemoTests */ = {
			isa = PBXGroup;
			children = (
				6DA331501C8EA76C00F57D0C /* ____DemoTests.m */,
				6DA3314E1C8EA76C00F57D0C /* Supporting Files */,
			);
			path = "点餐系统DemoTests";
			sourceTree = "<group>";
		};
		6DA3314E1C8EA76C00F57D0C /* Supporting Files */ = {
			isa = PBXGroup;
			children = (
				6DA3314F1C8EA76C00F57D0C /* Info.plist */,
			);
			name = "Supporting Files";
			sourceTree = "<group>";
		};
/* End PBXGroup section */

/* Begin PBXNativeTarget section */
		6DA331301C8EA76C00F57D0C /* 点餐系统Demo */ = {
			isa = PBXNativeTarget;
			buildConfigurationList = 6DA331541C8EA76C00F57D0C /* Build configuration list for PBXNativeTarget "点餐系统Demo" */;
			buildPhases = (
				6DA3312D1C8EA76C00F57D0C /* Sources */,
				6DA3312E1C8EA76C00F57D0C /* Frameworks */,
				6DA3312F1C8EA76C00F57D0C /* Resources */,
			);
			buildRules = (
			);
			dependencies = (
			);
			name = "点餐系统Demo";
			productName = "点餐系统Demo";
			productReference = 6DA331311C8EA76C00F57D0C /* 点餐系统Demo.app */;
			productType = "com.apple.product-type.application";
		};
		6DA331491C8EA76C00F57D0C /* 点餐系统DemoTests */ = {
			isa = PBXNativeTarget;
			buildConfigurationList = 6DA331571C8EA76C00F57D0C /* Build configuration list for PBXNativeTarget "点餐系统DemoTests" */;
			buildPhases = (
				6DA331461C8EA76C00F57D0C /* Sources */,
				6DA331471C8EA76C00F57D0C /* Frameworks */,
				6DA331481C8EA76C00F57D0C /* Resources */,
			);
			buildRules = (
			);
			dependencies = (
				6DA3314C1C8EA76C00F57D0C /* PBXTargetDependency */,
			);
			name = "点餐系统DemoTests";
			productName = "点餐系统DemoTests";
			productReference = 6DA3314A1C8EA76C00F57D0C /* 点餐系统DemoTests.xctest */;
			productType = "com.apple.product-type.bundle.unit-test";
		};
/* End PBXNativeTarget section */

/* Begin PBXProject section */
		6DA331291C8EA76B00F57D0C /* Project object */ = {
			isa = PBXProject;
			attributes = {
				LastUpgradeCheck = 0630;
				ORGANIZATIONNAME = zhangqi;
				TargetAttributes = {
					6DA331301C8EA76C00F57D0C = {
						CreatedOnToolsVersion = 6.3.2;
					};
					6DA331491C8EA76C00F57D0C = {
						CreatedOnToolsVersion = 6.3.2;
						TestTargetID = 6DA331301C8EA76C00F57D0C;
					};
				};
			};
			buildConfigurationList = 6DA3312C1C8EA76B00F57D0C /* Build configuration list for PBXProject "点餐系统Demo" */;
			compatibilityVersion = "Xcode 3.2";
			developmentRegion = English;
			hasScannedForEncodings = 0;
			knownRegions = (
				en,
				Base,
			);
			mainGroup = 6DA331281C8EA76B00F57D0C;
			productRefGroup = 6DA331321C8EA76C00F57D0C /* Products */;
			projectDirPath = "";
			projectRoot = "";
			targets = (
				6DA331301C8EA76C00F57D0C /* 点餐系统Demo */,
				6DA331491C8EA76C00F57D0C /* 点餐系统DemoTests */,
			);
		};
/* End PBXProject section */

/* Begin PBXResourcesBuildPhase section */
		6DA3312F1C8EA76C00F57D0C /* Resources */ = {
			isa = PBXResourcesBuildPhase;
			buildActionMask = 2147483647;
			files = (
				6DA3315B1C8EAE8800F57D0C /* foods.plist in Resources */,
				6DA331401C8EA76C00F57D0C /* Main.storyboard in Resources */,
				6DA331451C8EA76C00F57D0C /* LaunchScreen.xib in Resources */,
				6DA331421C8EA76C00F57D0C /* Images.xcassets in Resources */,
			);
			runOnlyForDeploymentPostprocessing = 0;
		};
		6DA331481C8EA76C00F57D0C /* Resources */ = {
			isa = PBXResourcesBuildPhase;
			buildActionMask = 2147483647;
			files = (
			);
			runOnlyForDeploymentPostprocessing = 0;
		};
/* End PBXResourcesBuildPhase section */

/* Begin PBXSourcesBuildPhase section */
		6DA3312D1C8EA76C00F57D0C /* Sources */ = {
			isa = PBXSourcesBuildPhase;
			buildActionMask = 2147483647;
			files = (
				6DA3313D1C8EA76C00F57D0C /* ViewController.m in Sources */,
				6DA3313A1C8EA76C00F57D0C /* AppDelegate.m in Sources */,
				6DA331371C8EA76C00F57D0C /* main.m in Sources */,
			);
			runOnlyForDeploymentPostprocessing = 0;
		};
		6DA331461C8EA76C00F57D0C /* Sources */ = {
			isa = PBXSourcesBuildPhase;
			buildActionMask = 2147483647;
			files = (
				6DA331511C8EA76C00F57D0C /* ____DemoTests.m in Sources */,
			);
			runOnlyForDeploymentPostprocessing = 0;
		};
/* End PBXSourcesBuildPhase section */

/* Begin PBXTargetDependency section */
		6DA3314C1C8EA76C00F57D0C /* PBXTargetDependency */ = {
			isa = PBXTargetDependency;
			target = 6DA331301C8EA76C00F57D0C /* 点餐系统Demo */;
			targetProxy = 6DA3314B1C8EA76C00F57D0C /* PBXContainerItemProxy */;
		};
/* End PBXTargetDependency section */

/* Begin PBXVariantGroup section */
		6DA3313E1C8EA76C00F57D0C /* Main.storyboard */ = {
			isa = PBXVariantGroup;
			children = (
				6DA3313F1C8EA76C00F57D0C /* Base */,
			);
			name = Main.storyboard;
			sourceTree = "<group>";
		};
		6DA331431C8EA76C00F57D0C /* LaunchScreen.xib */ = {
			isa = PBXVariantGroup;
			children = (
				6DA331441C8EA76C00F57D0C /* Base */,
			);
			name = LaunchScreen.xib;
			sourceTree = "<group>";
		};
/* End PBXVariantGroup section */

/* Begin XCBuildConfiguration section */
		6DA331521C8EA76C00F57D0C /* Debug */ = {
			isa = XCBuildConfiguration;
			buildSettings = {
				ALWAYS_SEARCH_USER_PATHS = NO;
				CLANG_CXX_LANGUAGE_STANDARD = "gnu++0x";
				CLANG_CXX_LIBRARY = "libc++";
				CLANG_ENABLE_MODULES = YES;
				CLANG_ENABLE_OBJC_ARC = YES;
				CLANG_WARN_BOOL_CONVERSION = YES;
				CLANG_WARN_CONSTANT_CONVERSION = YES;
				CLANG_WARN_DIRECT_OBJC_ISA_USAGE = YES_ERROR;
				CLANG_WARN_EMPTY_BODY = YES;
				CLANG_WARN_ENUM_CONVERSION = YES;
				CLANG_WARN_INT_CONVERSION = YES;
				CLANG_WARN_OBJC_ROOT_CLASS = YES_ERROR;
				CLANG_WARN_UNREACHABLE_CODE = YES;
				CLANG_WARN__DUPLICATE_METHOD_MATCH = YES;
				"CODE_SIGN_IDENTITY[sdk=iphoneos*]" = "iPhone Developer";
				COPY_PHASE_STRIP = NO;
				DEBUG_INFORMATION_FORMAT = "dwarf-with-dsym";
				ENABLE_STRICT_OBJC_MSGSEND = YES;
				GCC_C_LANGUAGE_STANDARD = gnu99;
				GCC_DYNAMIC_NO_PIC = NO;
				GCC_NO_COMMON_BLOCKS = YES;
				GCC_OPTIMIZATION_LEVEL = 0;
				GCC_PREPROCESSOR_DEFINITIONS = (
					"DEBUG=1",
					"$(inherited)",
				);
				GCC_SYMBOLS_PRIVATE_EXTERN = NO;
				GCC_WARN_64_TO_32_BIT_CONVERSION = YES;
				GCC_WARN_ABOUT_RETURN_TYPE = YES_ERROR;
				GCC_WARN_UNDECLARED_SELECTOR = YES;
				GCC_WARN_UNINITIALIZED_AUTOS = YES_AGGRESSIVE;
				GCC_WARN_UNUSED_FUNCTION = YES;
				GCC_WARN_UNUSED_VARIABLE = YES;
				IPHONEOS_DEPLOYMENT_TARGET = 8.3;
				MTL_ENABLE_DEBUG_INFO = YES;
				ONLY_ACTIVE_ARCH = YES;
				SDKROOT = iphoneos;
			};
			name = Debug;
		};
		6DA331531C8EA76C00F57D0C /* Release */ = {
			isa = XCBuildConfiguration;
			buildSettings = {
				ALWAYS_SEARCH_USER_PATHS = NO;
				CLANG_CXX_LANGUAGE_STANDARD = "gnu++0x";
				CLANG_CXX_LIBRARY = "libc++";
				CLANG_ENABLE_MODULES = YES;
				CLANG_ENABLE_OBJC_ARC = YES;
				CLANG_WARN_BOOL_CONVERSION = YES;
				CLANG_WARN_CONSTANT_CONVERSION = YES;
				CLANG_WARN_DIRECT_OBJC_ISA_USAGE = YES_ERROR;
				CLANG_WARN_EMPTY_BODY = YES;
				CLANG_WARN_ENUM_CONVERSION = YES;
				CLANG_WARN_INT_CONVERSION = YES;
				CLANG_WARN_OBJC_ROOT_CLASS = YES_ERROR;
				CLANG_WARN_UNREACHABLE_CODE = YES;
				CLANG_WARN__DUPLICATE_METHOD_MATCH = YES;
				"CODE_SIGN_IDENTITY[sdk=iphoneos*]" = "iPhone Developer";
				COPY_PHASE_STRIP = NO;
				DEBUG_INFORMATION_FORMAT = "dwarf-with-dsym";
				ENABLE_NS_ASSERTIONS = NO;
				ENABLE_STRICT_OBJC_MSGSEND = YES;
				GCC_C_LANGUAGE_STANDARD = gnu99;
				GCC_NO_COMMON_BLOCKS = YES;
				GCC_WARN_64_TO_32_BIT_CONVERSION = YES;
				GCC_WARN_ABOUT_RETURN_TYPE = YES_ERROR;
				GCC_WARN_UNDECLARED_SELECTOR = YES;
				GCC_WARN_UNINITIALIZED_AUTOS = YES_AGGRESSIVE;
				GCC_WARN_UNUSED_FUNCTION = YES;
				GCC_WARN_UNUSED_VARIABLE = YES;
				IPHONEOS_DEPLOYMENT_TARGET = 8.3;
				MTL_ENABLE_DEBUG_INFO = NO;
				SDKROOT = iphoneos;
				VALIDATE_PRODUCT = YES;
			};
			name = Release;
		};
		6DA331551C8EA76C00F57D0C /* Debug */ = {
			isa = XCBuildConfiguration;
			buildSettings = {
				ASSETCATALOG_COMPILER_APPICON_NAME = AppIcon;
				INFOPLIST_FILE = "点餐系统Demo/Info.plist";
				LD_RUNPATH_SEARCH_PATHS = "$(inherited) @executable_path/Frameworks";
				PRODUCT_NAME = "$(TARGET_NAME)";
			};
			name = Debug;
		};
		6DA331561C8EA76C00F57D0C /* Release */ = {
			isa = XCBuildConfiguration;
			buildSettings = {
				ASSETCATALOG_COMPILER_APPICON_NAME = AppIcon;
				INFOPLIST_FILE = "点餐系统Demo/Info.plist";
				LD_RUNPATH_SEARCH_PATHS = "$(inherited) @executable_path/Frameworks";
				PRODUCT_NAME = "$(TARGET_NAME)";
			};
			name = Release;
		};
		6DA331581C8EA76C00F57D0C /* Debug */ = {
			isa = XCBuildConfiguration;
			buildSettings = {
				BUNDLE_LOADER = "$(TEST_HOST)";
				FRAMEWORK_SEARCH_PATHS = (
					"$(SDKROOT)/Developer/Library/Frameworks",
					"$(inherited)",
				);
				GCC_PREPROCESSOR_DEFINITIONS = (
					"DEBUG=1",
					"$(inherited)",
				);
				INFOPLIST_FILE = "点餐系统DemoTests/Info.plist";
				LD_RUNPATH_SEARCH_PATHS = "$(inherited) @executable_path/Frameworks @loader_path/Frameworks";
				PRODUCT_NAME = "$(TARGET_NAME)";
				TEST_HOST = "$(BUILT_PRODUCTS_DIR)/点餐系统Demo.app/点餐系统Demo";
			};
			name = Debug;
		};
		6DA331591C8EA76C00F57D0C /* Release */ = {
			isa = XCBuildConfiguration;
			buildSettings = {
				BUNDLE_LOADER = "$(TEST_HOST)";
				FRAMEWORK_SEARCH_PATHS = (
					"$(SDKROOT)/Developer/Library/Frameworks",
					"$(inherited)",
				);
				INFOPLIST_FILE = "点餐系统DemoTests/Info.plist";
				LD_RUNPATH_SEARCH_PATHS = "$(inherited) @executable_path/Frameworks @loader_path/Frameworks";
				PRODUCT_NAME = "$(TARGET_NAME)";
				TEST_HOST = "$(BUILT_PRODUCTS_DIR)/点餐系统Demo.app/点餐系统Demo";
			};
			name = Release;
		};
/* End XCBuildConfiguration section */

/* Begin XCConfigurationList section */
		6DA3312C1C8EA76B00F57D0C /* Build configuration list for PBXProject "点餐系统Demo" */ = {
			isa = XCConfigurationList;
			buildConfigurations = (
				6DA331521C8EA76C00F57D0C /* Debug */,
				6DA331531C8EA76C00F57D0C /* Release */,
			);
			defaultConfigurationIsVisible = 0;
			defaultConfigurationName = Release;
		};
		6DA331541C8EA76C00F57D0C /* Build configuration list for PBXNativeTarget "点餐系统Demo" */ = {
			isa = XCConfigurationList;
			buildConfigurations = (
				6DA331551C8EA76C00F57D0C /* Debug */,
				6DA331561C8EA76C00F57D0C /* Release */,
			);
			defaultConfigurationIsVisible = 0;
		};
		6DA331571C8EA76C00F57D0C /* Build configuration list for PBXNativeTarget "点餐系统DemoTests" */ = {
			isa = XCConfigurationList;
			buildConfigurations = (
				6DA331581C8EA76C00F57D0C /* Debug */,
				6DA331591C8EA76C00F57D0C /* Release */,
			);
			defaultConfigurationIsVisible = 0;
		};
/* End XCConfigurationList section */
	};
	rootObject = 6DA331291C8EA76B00F57D0C /* Project object */;
}
